
Microsoft Visual Studio Solution File, Format Version 12.00
Project("{FAE04EC0-301F-11D3-BF4B-00C04F79EFBC}") = "ChildrenLearnOnCaravan", "ChildrenLearnOnCaravan.csproj", "{BEAC491F-6BCE-4B48-A779-6DA44623272C}"
EndProject
Global
	GlobalSection(SolutionConfigurationPlatforms) = preSolution
		Debug|Any CPU = Debug|Any CPU
		Release|Any CPU = Release|Any CPU
	EndGlobalSection
	GlobalSection(ProjectConfigurationPlatforms) = postSolution
		{BEAC491F-6BCE-4B48-A779-6DA44623272C}.Debug|Any CPU.ActiveCfg = Debug|Any CPU
		{BEAC491F-6BCE-4B48-A779-6DA44623272C}.Debug|Any CPU.Build.0 = Debug|Any CPU
		{BEAC491F-6BCE-4B48-A779-6DA44623272C}.Release|Any CPU.ActiveCfg = Release|Any CPU
		{BEAC491F-6BCE-4B48-A779-6DA44623272C}.Release|Any CPU.Build.0 = Release|Any CPU
	EndGlobalSection
EndGlobal
